# This file is generated by running "yarn install" inside your project.
# Manual changes might be lost - proceed with caution!

__metadata:
  version: 8
  cacheKey: 10c0

"@esbuild/aix-ppc64@npm:0.23.1":
  version: 0.23.1
  resolution: "@esbuild/aix-ppc64@npm:0.23.1"
  conditions: os=aix & cpu=ppc64
  languageName: node
  linkType: hard

"@esbuild/android-arm64@npm:0.23.1":
  version: 0.23.1
  resolution: "@esbuild/android-arm64@npm:0.23.1"
  conditions: os=android & cpu=arm64
  languageName: node
  linkType: hard

"@esbuild/android-arm@npm:0.23.1":
  version: 0.23.1
  resolution: "@esbuild/android-arm@npm:0.23.1"
  conditions: os=android & cpu=arm
  languageName: node
  linkType: hard

"@esbuild/android-x64@npm:0.23.1":
  version: 0.23.1
  resolution: "@esbuild/android-x64@npm:0.23.1"
  conditions: os=android & cpu=x64
  languageName: node
  linkType: hard

"@esbuild/darwin-arm64@npm:0.23.1":
  version: 0.23.1
  resolution: "@esbuild/darwin-arm64@npm:0.23.1"
  conditions: os=darwin & cpu=arm64
  languageName: node
  linkType: hard

"@esbuild/darwin-x64@npm:0.23.1":
  version: 0.23.1
  resolution: "@esbuild/darwin-x64@npm:0.23.1"
  conditions: os=darwin & cpu=x64
  languageName: node
  linkType: hard

"@esbuild/freebsd-arm64@npm:0.23.1":
  version: 0.23.1
  resolution: "@esbuild/freebsd-arm64@npm:0.23.1"
  conditions: os=freebsd & cpu=arm64
  languageName: node
  linkType: hard

"@esbuild/freebsd-x64@npm:0.23.1":
  version: 0.23.1
  resolution: "@esbuild/freebsd-x64@npm:0.23.1"
  conditions: os=freebsd & cpu=x64
  languageName: node
  linkType: hard

"@esbuild/linux-arm64@npm:0.23.1":
  version: 0.23.1
  resolution: "@esbuild/linux-arm64@npm:0.23.1"
  conditions: os=linux & cpu=arm64
  languageName: node
  linkType: hard

"@esbuild/linux-arm@npm:0.23.1":
  version: 0.23.1
  resolution: "@esbuild/linux-arm@npm:0.23.1"
  conditions: os=linux & cpu=arm
  languageName: node
  linkType: hard

"@esbuild/linux-ia32@npm:0.23.1":
  version: 0.23.1
  resolution: "@esbuild/linux-ia32@npm:0.23.1"
  conditions: os=linux & cpu=ia32
  languageName: node
  linkType: hard

"@esbuild/linux-loong64@npm:0.23.1":
  version: 0.23.1
  resolution: "@esbuild/linux-loong64@npm:0.23.1"
  conditions: os=linux & cpu=loong64
  languageName: node
  linkType: hard

"@esbuild/linux-mips64el@npm:0.23.1":
  version: 0.23.1
  resolution: "@esbuild/linux-mips64el@npm:0.23.1"
  conditions: os=linux & cpu=mips64el
  languageName: node
  linkType: hard

"@esbuild/linux-ppc64@npm:0.23.1":
  version: 0.23.1
  resolution: "@esbuild/linux-ppc64@npm:0.23.1"
  conditions: os=linux & cpu=ppc64
  languageName: node
  linkType: hard

"@esbuild/linux-riscv64@npm:0.23.1":
  version: 0.23.1
  resolution: "@esbuild/linux-riscv64@npm:0.23.1"
  conditions: os=linux & cpu=riscv64
  languageName: node
  linkType: hard

"@esbuild/linux-s390x@npm:0.23.1":
  version: 0.23.1
  resolution: "@esbuild/linux-s390x@npm:0.23.1"
  conditions: os=linux & cpu=s390x
  languageName: node
  linkType: hard

"@esbuild/linux-x64@npm:0.23.1":
  version: 0.23.1
  resolution: "@esbuild/linux-x64@npm:0.23.1"
  conditions: os=linux & cpu=x64
  languageName: node
  linkType: hard

"@esbuild/netbsd-x64@npm:0.23.1":
  version: 0.23.1
  resolution: "@esbuild/netbsd-x64@npm:0.23.1"
  conditions: os=netbsd & cpu=x64
  languageName: node
  linkType: hard

"@esbuild/openbsd-arm64@npm:0.23.1":
  version: 0.23.1
  resolution: "@esbuild/openbsd-arm64@npm:0.23.1"
  conditions: os=openbsd & cpu=arm64
  languageName: node
  linkType: hard

"@esbuild/openbsd-x64@npm:0.23.1":
  version: 0.23.1
  resolution: "@esbuild/openbsd-x64@npm:0.23.1"
  conditions: os=openbsd & cpu=x64
  languageName: node
  linkType: hard

"@esbuild/sunos-x64@npm:0.23.1":
  version: 0.23.1
  resolution: "@esbuild/sunos-x64@npm:0.23.1"
  conditions: os=sunos & cpu=x64
  languageName: node
  linkType: hard

"@esbuild/win32-arm64@npm:0.23.1":
  version: 0.23.1
  resolution: "@esbuild/win32-arm64@npm:0.23.1"
  conditions: os=win32 & cpu=arm64
  languageName: node
  linkType: hard

"@esbuild/win32-ia32@npm:0.23.1":
  version: 0.23.1
  resolution: "@esbuild/win32-ia32@npm:0.23.1"
  conditions: os=win32 & cpu=ia32
  languageName: node
  linkType: hard

"@esbuild/win32-x64@npm:0.23.1":
  version: 0.23.1
  resolution: "@esbuild/win32-x64@npm:0.23.1"
  conditions: os=win32 & cpu=x64
  languageName: node
  linkType: hard

"esbuild@npm:^0.23.1":
  version: 0.23.1
  resolution: "esbuild@npm:0.23.1"
  dependencies:
    "@esbuild/aix-ppc64": "npm:0.23.1"
    "@esbuild/android-arm": "npm:0.23.1"
    "@esbuild/android-arm64": "npm:0.23.1"
    "@esbuild/android-x64": "npm:0.23.1"
    "@esbuild/darwin-arm64": "npm:0.23.1"
    "@esbuild/darwin-x64": "npm:0.23.1"
    "@esbuild/freebsd-arm64": "npm:0.23.1"
    "@esbuild/freebsd-x64": "npm:0.23.1"
    "@esbuild/linux-arm": "npm:0.23.1"
    "@esbuild/linux-arm64": "npm:0.23.1"
    "@esbuild/linux-ia32": "npm:0.23.1"
    "@esbuild/linux-loong64": "npm:0.23.1"
    "@esbuild/linux-mips64el": "npm:0.23.1"
    "@esbuild/linux-ppc64": "npm:0.23.1"
    "@esbuild/linux-riscv64": "npm:0.23.1"
    "@esbuild/linux-s390x": "npm:0.23.1"
    "@esbuild/linux-x64": "npm:0.23.1"
    "@esbuild/netbsd-x64": "npm:0.23.1"
    "@esbuild/openbsd-arm64": "npm:0.23.1"
    "@esbuild/openbsd-x64": "npm:0.23.1"
    "@esbuild/sunos-x64": "npm:0.23.1"
    "@esbuild/win32-arm64": "npm:0.23.1"
    "@esbuild/win32-ia32": "npm:0.23.1"
    "@esbuild/win32-x64": "npm:0.23.1"
  dependenciesMeta:
    "@esbuild/aix-ppc64":
      optional: true
    "@esbuild/android-arm":
      optional: true
    "@esbuild/android-arm64":
      optional: true
    "@esbuild/android-x64":
      optional: true
    "@esbuild/darwin-arm64":
      optional: true
    "@esbuild/darwin-x64":
      optional: true
    "@esbuild/freebsd-arm64":
      optional: true
    "@esbuild/freebsd-x64":
      optional: true
    "@esbuild/linux-arm":
      optional: true
    "@esbuild/linux-arm64":
      optional: true
    "@esbuild/linux-ia32":
      optional: true
    "@esbuild/linux-loong64":
      optional: true
    "@esbuild/linux-mips64el":
      optional: true
    "@esbuild/linux-ppc64":
      optional: true
    "@esbuild/linux-riscv64":
      optional: true
    "@esbuild/linux-s390x":
      optional: true
    "@esbuild/linux-x64":
      optional: true
    "@esbuild/netbsd-x64":
      optional: true
    "@esbuild/openbsd-arm64":
      optional: true
    "@esbuild/openbsd-x64":
      optional: true
    "@esbuild/sunos-x64":
      optional: true
    "@esbuild/win32-arm64":
      optional: true
    "@esbuild/win32-ia32":
      optional: true
    "@esbuild/win32-x64":
      optional: true
  bin:
    esbuild: bin/esbuild
  checksum: 10c0/08c2ed1105cc3c5e3a24a771e35532fe6089dd24a39c10097899072cef4a99f20860e41e9294e000d86380f353b04d8c50af482483d7f69f5208481cce61eec7
  languageName: node
  linkType: hard

"tsconfig-locate-repo@workspace:.":
  version: 0.0.0-use.local
  resolution: "tsconfig-locate-repo@workspace:."
  dependencies:
    esbuild: "npm:^0.23.1"
    tsconfigs: "workspace:^"
    typescript: "npm:^5.5.4"
  languageName: unknown
  linkType: soft

"tsconfigs@workspace:^, tsconfigs@workspace:packages/tsconfigs":
  version: 0.0.0-use.local
  resolution: "tsconfigs@workspace:packages/tsconfigs"
  peerDependencies:
    typescript: ">=5.5.4"
  languageName: unknown
  linkType: soft

"typescript@npm:^5.5.4":
  version: 5.6.2
  resolution: "typescript@npm:5.6.2"
  bin:
    tsc: bin/tsc
    tsserver: bin/tsserver
  checksum: 10c0/3ed8297a8c7c56b7fec282532503d1ac795239d06e7c4966b42d4330c6cf433a170b53bcf93a130a7f14ccc5235de5560df4f1045eb7f3550b46ebed16d3c5e5
  languageName: node
  linkType: hard

"typescript@patch:typescript@npm%3A^5.5.4#optional!builtin<compat/typescript>":
  version: 5.6.2
  resolution: "typescript@patch:typescript@npm%3A5.6.2#optional!builtin<compat/typescript>::version=5.6.2&hash=8c6c40"
  bin:
    tsc: bin/tsc
    tsserver: bin/tsserver
  checksum: 10c0/94eb47e130d3edd964b76da85975601dcb3604b0c848a36f63ac448d0104e93819d94c8bdf6b07c00120f2ce9c05256b8b6092d23cf5cf1c6fa911159e4d572f
  languageName: node
  linkType: hard

"vite-demo@workspace:packages/vite-demo":
  version: 0.0.0-use.local
  resolution: "vite-demo@workspace:packages/vite-demo"
  dependencies:
    tsconfigs: "workspace:^"
    typescript: "npm:^5.5.4"
  languageName: unknown
  linkType: soft
